<?xml version="1.0" encoding="utf-8"?>
<Project ToolsVersion="4.0" xmlns="http://schemas.microsoft.com/developer/msbuild/2003">
  <ItemGroup>
    <Filter Include="Source Files">
      <UniqueIdentifier>{4FC737F1-C7A5-4376-A066-2A32D752A2FF}</UniqueIdentifier>
      <Extensions>cpp;c;cc;cxx;c++;cppm;ixx;def;odl;idl;hpj;bat;asm;asmx</Extensions>
    </Filter>
    <Filter Include="Header Files">
      <UniqueIdentifier>{93995380-89BD-4b04-88EB-625FBE52EBFB}</UniqueIdentifier>
      <Extensions>h;hh;hpp;hxx;h++;hm;inl;inc;ipp;xsd</Extensions>
    </Filter>
    <Filter Include="Resource Files">
      <UniqueIdentifier>{67DA6AB6-F800-4c08-8B7A-83BB121AAD01}</UniqueIdentifier>
      <Extensions>rc;ico;cur;bmp;dlg;rc2;rct;bin;rgs;gif;jpg;jpeg;jpe;resx;tiff;tif;png;wav;mfcribbon-ms</Extensions>
    </Filter>
    <Filter Include="Resource Files\Shaders">
      <UniqueIdentifier>{c639efcc-9093-46a9-a6a6-bf5df7824578}</UniqueIdentifier>
    </Filter>
    <Filter Include="Resource Files\Textures">
      <UniqueIdentifier>{4e8340d6-1a73-499c-a464-be760c5abae1}</UniqueIdentifier>
    </Filter>
    <Filter Include="Resource Files\Textures\skybox">
      <UniqueIdentifier>{3cd1ab35-97ef-455c-9f63-5c95cdd2e9e2}</UniqueIdentifier>
    </Filter>
  </ItemGroup>
  <ItemGroup>
    <ClCompile Include="$(SolutionDir)\src\SourceFiles\Camera.cpp">
      <Filter>Source Files</Filter>
    </ClCompile>
    <ClCompile Include="$(SolutionDir)\src\SourceFiles\EBO.cpp">
      <Filter>Source Files</Filter>
    </ClCompile>
    <ClCompile Include="$(SolutionDir)\src\SourceFiles\glad.c">
      <Filter>Source Files</Filter>
    </ClCompile>
    <ClCompile Include="$(SolutionDir)\src\main.cpp">
      <Filter>Source Files</Filter>
    </ClCompile>
    <ClCompile Include="$(SolutionDir)\src\SourceFiles\shaderClass.cpp">
      <Filter>Source Files</Filter>
    </ClCompile>
    <ClCompile Include="$(SolutionDir)\src\SourceFiles\stb.cpp">
      <Filter>Source Files</Filter>
    </ClCompile>
    <ClCompile Include="$(SolutionDir)\src\SourceFiles\Texture.cpp">
      <Filter>Source Files</Filter>
    </ClCompile>
    <ClCompile Include="$(SolutionDir)\src\SourceFiles\VAO.cpp">
      <Filter>Source Files</Filter>
    </ClCompile>
    <ClCompile Include="$(SolutionDir)\src\SourceFiles\VBO.cpp">
      <Filter>Source Files</Filter>
    </ClCompile>
    <ClCompile Include="$(SolutionDir)\src\SourceFiles\ZMesh.cpp">
      <Filter>Source Files</Filter>
    </ClCompile>
    <ClCompile Include="$(SolutionDir)\src\HeaderFiles\ZMesh.h">
      <Filter>Header Files</Filter>
    </ClCompile>
    <ClCompile Include="$(SolutionDir)\src\SourceFiles\ZModel.cpp">
      <Filter>Source Files</Filter>
    </ClCompile>
    <ClCompile Include="src\SourceFiles\ZUIContext.cpp">
      <Filter>Source Files</Filter>
    </ClCompile>
    <ClCompile Include="src\SourceFiles\ZOpenGLContext.cpp">
      <Filter>Source Files</Filter>
    </ClCompile>
  </ItemGroup>
  <ItemGroup>
    <None Include="$(SolutionDir)\Resources\shaders\defualt.vert">
      <Filter>Resource Files\Shaders</Filter>
    </None>
    <None Include="$(SolutionDir)\Resources\shaders\defualt.frag">
      <Filter>Resource Files\Shaders</Filter>
    </None>
    <None Include="$(SolutionDir)\Resources\shaders\light.frag">
      <Filter>Resource Files\Shaders</Filter>
    </None>
    <None Include="$(SolutionDir)\Resources\shaders\light.vert">
      <Filter>Resource Files\Shaders</Filter>
    </None>
    <None Include="$(SolutionDir)\Resources\shaders\framebuffer.frag">
      <Filter>Resource Files\Shaders</Filter>
    </None>
    <None Include="$(SolutionDir)\Resources\shaders\framebuffer.vert">
      <Filter>Resource Files\Shaders</Filter>
    </None>
    <None Include="$(SolutionDir)\Resources\shaders\grass.frag">
      <Filter>Resource Files\Shaders</Filter>
    </None>
    <None Include="$(SolutionDir)\Resources\shaders\outlining.frag">
      <Filter>Resource Files\Shaders</Filter>
    </None>
    <None Include="$(SolutionDir)\Resources\shaders\outlining.vert">
      <Filter>Resource Files\Shaders</Filter>
    </None>
    <None Include="$(SolutionDir)\Resources\shaders\windows.frag">
      <Filter>Resource Files\Shaders</Filter>
    </None>
    <None Include="Resources\shaders\skybox.vert">
      <Filter>Resource Files\Shaders</Filter>
    </None>
    <None Include="Resources\shaders\skybox.frag">
      <Filter>Resource Files\Shaders</Filter>
    </None>
    <None Include="Resources\shaders\default.geom">
      <Filter>Resource Files\Shaders</Filter>
    </None>
    <None Include="Resources\shaders\normals.frag">
      <Filter>Resource Files\Shaders</Filter>
    </None>
    <None Include="Resources\shaders\normals.geom">
      <Filter>Resource Files\Shaders</Filter>
    </None>
    <None Include="Resources\shaders\instance.vert">
      <Filter>Resource Files\Shaders</Filter>
    </None>
  </ItemGroup>
  <ItemGroup>
    <ClInclude Include="$(SolutionDir)\src\HeaderFiles\Camera.h">
      <Filter>Header Files</Filter>
    </ClInclude>
    <ClInclude Include="$(SolutionDir)\src\HeaderFiles\EBO.h">
      <Filter>Header Files</Filter>
    </ClInclude>
    <ClInclude Include="$(SolutionDir)\src\HeaderFiles\shaderClass.h">
      <Filter>Header Files</Filter>
    </ClInclude>
    <ClInclude Include="$(SolutionDir)\src\HeaderFiles\Texture.h">
      <Filter>Header Files</Filter>
    </ClInclude>
    <ClInclude Include="$(SolutionDir)\src\HeaderFiles\VAO.h">
      <Filter>Header Files</Filter>
    </ClInclude>
    <ClInclude Include="$(SolutionDir)\src\HeaderFiles\VBO.h">
      <Filter>Header Files</Filter>
    </ClInclude>
    <ClInclude Include="$(SolutionDir)\src\HeaderFiles\ZModel.h">
      <Filter>Header Files</Filter>
    </ClInclude>
    <ClInclude Include="src\HeaderFiles\BaseWindow.h">
      <Filter>Header Files</Filter>
    </ClInclude>
    <ClInclude Include="src\HeaderFiles\ZGLFWindow.h">
      <Filter>Header Files</Filter>
    </ClInclude>
    <ClInclude Include="src\HeaderFiles\ZUIContext.h">
      <Filter>Header Files</Filter>
    </ClInclude>
    <ClInclude Include="src\HeaderFiles\BaseRender.h">
      <Filter>Header Files</Filter>
    </ClInclude>
    <ClInclude Include="src\HeaderFiles\ZOpenGLContext.h">
      <Filter>Header Files</Filter>
    </ClInclude>
    <ClInclude Include="src\HeaderFiles\ZScene.h">
      <Filter>Header Files</Filter>
    </ClInclude>
    <ClInclude Include="src\HeaderFiles\Light.h">
      <Filter>Header Files</Filter>
    </ClInclude>
  </ItemGroup>
  <ItemGroup>
    <Image Include="$(SolutionDir)\Resources\TestTextures\planks.png">
      <Filter>Resource Files\Textures</Filter>
    </Image>
    <Image Include="$(SolutionDir)\Resources\TestTextures\ayanobaseihm512x512.jpg">
      <Filter>Resource Files\Textures</Filter>
    </Image>
    <Image Include="$(SolutionDir)\Resources\TestTextures\planksSpec.png">
      <Filter>Resource Files\Textures</Filter>
    </Image>
    <Image Include="$(SolutionDir)\Resources\TestTextures\skybox\back.jpg">
      <Filter>Resource Files\Textures\skybox</Filter>
    </Image>
    <Image Include="$(SolutionDir)\Resources\TestTextures\skybox\bottom.jpg">
      <Filter>Resource Files\Textures\skybox</Filter>
    </Image>
    <Image Include="$(SolutionDir)\Resources\TestTextures\skybox\front.jpg">
      <Filter>Resource Files\Textures\skybox</Filter>
    </Image>
    <Image Include="$(SolutionDir)\Resources\TestTextures\skybox\left.jpg">
      <Filter>Resource Files\Textures\skybox</Filter>
    </Image>
    <Image Include="$(SolutionDir)\Resources\TestTextures\skybox\right.jpg">
      <Filter>Resource Files\Textures\skybox</Filter>
    </Image>
    <Image Include="$(SolutionDir)\Resources\TestTextures\skybox\top.jpg">
      <Filter>Resource Files\Textures\skybox</Filter>
    </Image>
  </ItemGroup>
</Project>