<?xml version="1.0" encoding="utf-8"?>
<Project ToolsVersion="4.0" xmlns="http://schemas.microsoft.com/developer/msbuild/2003">
  <ItemGroup>
    <Filter Include="Libraries">
      <UniqueIdentifier>{0259E1F6-6EC3-956D-B701-471323AB73C2}</UniqueIdentifier>
    </Filter>
    <Filter Include="Libraries\include">
      <UniqueIdentifier>{7562B06E-E178-AE04-2AF0-392696457F8C}</UniqueIdentifier>
    </Filter>
    <Filter Include="Libraries\include\imgui">
      <UniqueIdentifier>{9FB39B21-0BEB-E3B8-14F5-47DC80AB0AB2}</UniqueIdentifier>
    </Filter>
    <Filter Include="src">
      <UniqueIdentifier>{2DAB880B-99B4-887C-2230-9F7C8E38947C}</UniqueIdentifier>
    </Filter>
    <Filter Include="src\Core">
      <UniqueIdentifier>{A5D31CCF-91A0-77DA-BAB9-6582A6E5AC68}</UniqueIdentifier>
    </Filter>
    <Filter Include="src\Events">
      <UniqueIdentifier>{7162C20E-5D1A-045C-C621-DDB7B2F89E4C}</UniqueIdentifier>
    </Filter>
    <Filter Include="src\HeaderFiles">
      <UniqueIdentifier>{D86034F8-44EC-A1BC-4DFD-24B1B907FEBC}</UniqueIdentifier>
    </Filter>
    <Filter Include="src\ImGui">
      <UniqueIdentifier>{170E22B3-8378-D629-CCB6-87CF3860B47E}</UniqueIdentifier>
    </Filter>
    <Filter Include="src\Layers">
      <UniqueIdentifier>{4C4DA51D-3805-E76A-A10C-C0C68DE3815B}</UniqueIdentifier>
    </Filter>
    <Filter Include="src\Resources">
      <UniqueIdentifier>{D76C8757-432D-038E-0C68-4C0B78E7476A}</UniqueIdentifier>
    </Filter>
    <Filter Include="src\Resources\TestTextures">
      <UniqueIdentifier>{4AB0DED3-36C0-8AA4-9F79-EFC28BA8793D}</UniqueIdentifier>
    </Filter>
    <Filter Include="src\Resources\TestTextures\skybox">
      <UniqueIdentifier>{39E886D1-A556-DC50-EE3F-97505AEDD1EC}</UniqueIdentifier>
    </Filter>
    <Filter Include="src\Resources\shaders">
      <UniqueIdentifier>{D010E230-3C7D-9D2B-0571-3589719CBF93}</UniqueIdentifier>
    </Filter>
    <Filter Include="src\SourceFiles">
      <UniqueIdentifier>{A0C4A428-0C50-12ED-1561-95E1816B6EED}</UniqueIdentifier>
    </Filter>
    <Filter Include="src\Testing">
      <UniqueIdentifier>{7AFF1043-E6B4-8938-6FA9-830FDB5D803C}</UniqueIdentifier>
    </Filter>
    <Filter Include="src\Utils">
      <UniqueIdentifier>{4D9AFFB3-B904-B42A-0243-65D06EEC917F}</UniqueIdentifier>
    </Filter>
    <Filter Include="src\Windowing">
      <UniqueIdentifier>{324C07B4-9E0C-83EA-6747-CC67D3C6C7C6}</UniqueIdentifier>
    </Filter>
    <Filter Include="src\Windowing\OpenGL">
      <UniqueIdentifier>{26099298-1298-1B62-BBB6-2F5DA7242C08}</UniqueIdentifier>
    </Filter>
    <Filter Include="src\Windowing\Platform">
      <UniqueIdentifier>{C660BBB4-B25A-E406-9BC7-7A1787604A73}</UniqueIdentifier>
    </Filter>
    <Filter Include="src\Windowing\Platform\Windows">
      <UniqueIdentifier>{00716888-EC96-32EF-D5DC-B7BAC1A157BB}</UniqueIdentifier>
    </Filter>
  </ItemGroup>
  <ItemGroup>
    <ClInclude Include="src\Common.h">
      <Filter>src</Filter>
    </ClInclude>
    <ClInclude Include="src\Core\Assert.h">
      <Filter>src\Core</Filter>
    </ClInclude>
    <ClInclude Include="src\Core\Core.h">
      <Filter>src\Core</Filter>
    </ClInclude>
    <ClInclude Include="src\Core\PlatformDetection.h">
      <Filter>src\Core</Filter>
    </ClInclude>
    <ClInclude Include="src\Events\AppEvent.h">
      <Filter>src\Events</Filter>
    </ClInclude>
    <ClInclude Include="src\Events\Event.h">
      <Filter>src\Events</Filter>
    </ClInclude>
    <ClInclude Include="src\Events\KeyEvent.h">
      <Filter>src\Events</Filter>
    </ClInclude>
    <ClInclude Include="src\Events\MouseEvent.h">
      <Filter>src\Events</Filter>
    </ClInclude>
    <ClInclude Include="src\HeaderFiles\Camera.h">
      <Filter>src\HeaderFiles</Filter>
    </ClInclude>
    <ClInclude Include="src\HeaderFiles\Components.h">
      <Filter>src\HeaderFiles</Filter>
    </ClInclude>
    <ClInclude Include="src\HeaderFiles\EBO.h">
      <Filter>src\HeaderFiles</Filter>
    </ClInclude>
    <ClInclude Include="src\HeaderFiles\Texture.h">
      <Filter>src\HeaderFiles</Filter>
    </ClInclude>
    <ClInclude Include="src\HeaderFiles\VAO.h">
      <Filter>src\HeaderFiles</Filter>
    </ClInclude>
    <ClInclude Include="src\HeaderFiles\VBO.h">
      <Filter>src\HeaderFiles</Filter>
    </ClInclude>
    <ClInclude Include="src\HeaderFiles\ZEntity.h">
      <Filter>src\HeaderFiles</Filter>
    </ClInclude>
    <ClInclude Include="src\HeaderFiles\ZMesh.h">
      <Filter>src\HeaderFiles</Filter>
    </ClInclude>
    <ClInclude Include="src\HeaderFiles\ZModel.h">
      <Filter>src\HeaderFiles</Filter>
    </ClInclude>
    <ClInclude Include="src\HeaderFiles\shaderClass.h">
      <Filter>src\HeaderFiles</Filter>
    </ClInclude>
    <ClInclude Include="src\ImGui\GUILayer.h">
      <Filter>src\ImGui</Filter>
    </ClInclude>
    <ClInclude Include="src\Layers\Layer.h">
      <Filter>src\Layers</Filter>
    </ClInclude>
    <ClInclude Include="src\Layers\LayerStack.h">
      <Filter>src\Layers</Filter>
    </ClInclude>
    <ClInclude Include="src\Testing\Test.h">
      <Filter>src\Testing</Filter>
    </ClInclude>
    <ClInclude Include="src\Utils\ZLogger.h">
      <Filter>src\Utils</Filter>
    </ClInclude>
    <ClInclude Include="src\Windowing\OpenGL\ImGuiOpenGLRenderer.h">
      <Filter>src\Windowing\OpenGL</Filter>
    </ClInclude>
    <ClInclude Include="src\Windowing\Platform\Windows\WinWindows.h">
      <Filter>src\Windowing\Platform\Windows</Filter>
    </ClInclude>
    <ClInclude Include="src\Windowing\Window.h">
      <Filter>src\Windowing</Filter>
    </ClInclude>
    <ClInclude Include="src\Utils\Input.h" />
    <ClInclude Include="src\Windowing\Platform\Windows\WindowsInput.h" />
    <ClInclude Include="src\Utils\KeyCodes.h" />
  </ItemGroup>
  <ItemGroup>
    <ClCompile Include="..\Libraries\include\imgui\imgui.cpp">
      <Filter>Libraries\include\imgui</Filter>
    </ClCompile>
    <ClCompile Include="..\Libraries\include\imgui\imgui_demo.cpp">
      <Filter>Libraries\include\imgui</Filter>
    </ClCompile>
    <ClCompile Include="..\Libraries\include\imgui\imgui_draw.cpp">
      <Filter>Libraries\include\imgui</Filter>
    </ClCompile>
    <ClCompile Include="..\Libraries\include\imgui\imgui_impl_glfw.cpp">
      <Filter>Libraries\include\imgui</Filter>
    </ClCompile>
    <ClCompile Include="..\Libraries\include\imgui\imgui_tables.cpp">
      <Filter>Libraries\include\imgui</Filter>
    </ClCompile>
    <ClCompile Include="..\Libraries\include\imgui\imgui_widgets.cpp">
      <Filter>Libraries\include\imgui</Filter>
    </ClCompile>
    <ClCompile Include="src\ImGui\GUILayer.cpp">
      <Filter>src\ImGui</Filter>
    </ClCompile>
    <ClCompile Include="src\Layers\Layer.cpp">
      <Filter>src\Layers</Filter>
    </ClCompile>
    <ClCompile Include="src\Layers\LayerStack.cpp">
      <Filter>src\Layers</Filter>
    </ClCompile>
    <ClCompile Include="src\SourceFiles\Camera.cpp">
      <Filter>src\SourceFiles</Filter>
    </ClCompile>
    <ClCompile Include="src\SourceFiles\EBO.cpp">
      <Filter>src\SourceFiles</Filter>
    </ClCompile>
    <ClCompile Include="src\SourceFiles\Texture.cpp">
      <Filter>src\SourceFiles</Filter>
    </ClCompile>
    <ClCompile Include="src\SourceFiles\VAO.cpp">
      <Filter>src\SourceFiles</Filter>
    </ClCompile>
    <ClCompile Include="src\SourceFiles\VBO.cpp">
      <Filter>src\SourceFiles</Filter>
    </ClCompile>
    <ClCompile Include="src\SourceFiles\ZEntity.cpp">
      <Filter>src\SourceFiles</Filter>
    </ClCompile>
    <ClCompile Include="src\SourceFiles\ZMesh.cpp">
      <Filter>src\SourceFiles</Filter>
    </ClCompile>
    <ClCompile Include="src\SourceFiles\ZModel.cpp">
      <Filter>src\SourceFiles</Filter>
    </ClCompile>
    <ClCompile Include="src\SourceFiles\glad.c">
      <Filter>src\SourceFiles</Filter>
    </ClCompile>
    <ClCompile Include="src\SourceFiles\shaderClass.cpp">
      <Filter>src\SourceFiles</Filter>
    </ClCompile>
    <ClCompile Include="src\SourceFiles\stb.cpp">
      <Filter>src\SourceFiles</Filter>
    </ClCompile>
    <ClCompile Include="src\Testing\Test.cpp">
      <Filter>src\Testing</Filter>
    </ClCompile>
    <ClCompile Include="src\Utils\ZLogger.cpp">
      <Filter>src\Utils</Filter>
    </ClCompile>
    <ClCompile Include="src\Windowing\OpenGL\ImGuiOpenGLRenderer.cpp">
      <Filter>src\Windowing\OpenGL</Filter>
    </ClCompile>
    <ClCompile Include="src\Windowing\Platform\Windows\WinWindows.cpp">
      <Filter>src\Windowing\Platform\Windows</Filter>
    </ClCompile>
    <ClCompile Include="src\main.cpp">
      <Filter>src</Filter>
    </ClCompile>
    <ClCompile Include="src\Windowing\Platform\Windows\WindowsInput.cpp" />
  </ItemGroup>
  <ItemGroup>
    <None Include="src\Resources\shaders\default.geom">
      <Filter>src\Resources\shaders</Filter>
    </None>
    <None Include="src\Resources\shaders\defualt.frag">
      <Filter>src\Resources\shaders</Filter>
    </None>
    <None Include="src\Resources\shaders\defualt.vert">
      <Filter>src\Resources\shaders</Filter>
    </None>
    <None Include="src\Resources\shaders\framebuffer.frag">
      <Filter>src\Resources\shaders</Filter>
    </None>
    <None Include="src\Resources\shaders\framebuffer.vert">
      <Filter>src\Resources\shaders</Filter>
    </None>
    <None Include="src\Resources\shaders\grass.frag">
      <Filter>src\Resources\shaders</Filter>
    </None>
    <None Include="src\Resources\shaders\instance.vert">
      <Filter>src\Resources\shaders</Filter>
    </None>
    <None Include="src\Resources\shaders\light.frag">
      <Filter>src\Resources\shaders</Filter>
    </None>
    <None Include="src\Resources\shaders\light.vert">
      <Filter>src\Resources\shaders</Filter>
    </None>
    <None Include="src\Resources\shaders\normals.frag">
      <Filter>src\Resources\shaders</Filter>
    </None>
    <None Include="src\Resources\shaders\normals.geom">
      <Filter>src\Resources\shaders</Filter>
    </None>
    <None Include="src\Resources\shaders\outlining.frag">
      <Filter>src\Resources\shaders</Filter>
    </None>
    <None Include="src\Resources\shaders\outlining.vert">
      <Filter>src\Resources\shaders</Filter>
    </None>
    <None Include="src\Resources\shaders\skybox.frag">
      <Filter>src\Resources\shaders</Filter>
    </None>
    <None Include="src\Resources\shaders\skybox.vert">
      <Filter>src\Resources\shaders</Filter>
    </None>
    <None Include="src\Resources\shaders\windows.frag">
      <Filter>src\Resources\shaders</Filter>
    </None>
  </ItemGroup>
  <ItemGroup>
    <Image Include="src\Resources\TestTextures\ayanobaseihm512x512.jpg">
      <Filter>src\Resources\TestTextures</Filter>
    </Image>
    <Image Include="src\Resources\TestTextures\planks.png">
      <Filter>src\Resources\TestTextures</Filter>
    </Image>
    <Image Include="src\Resources\TestTextures\planksSpec.png">
      <Filter>src\Resources\TestTextures</Filter>
    </Image>
    <Image Include="src\Resources\TestTextures\skybox\back.jpg">
      <Filter>src\Resources\TestTextures\skybox</Filter>
    </Image>
    <Image Include="src\Resources\TestTextures\skybox\bottom.jpg">
      <Filter>src\Resources\TestTextures\skybox</Filter>
    </Image>
    <Image Include="src\Resources\TestTextures\skybox\front.jpg">
      <Filter>src\Resources\TestTextures\skybox</Filter>
    </Image>
    <Image Include="src\Resources\TestTextures\skybox\left.jpg">
      <Filter>src\Resources\TestTextures\skybox</Filter>
    </Image>
    <Image Include="src\Resources\TestTextures\skybox\right.jpg">
      <Filter>src\Resources\TestTextures\skybox</Filter>
    </Image>
    <Image Include="src\Resources\TestTextures\skybox\top.jpg">
      <Filter>src\Resources\TestTextures\skybox</Filter>
    </Image>
  </ItemGroup>
</Project>